
Microsoft Visual Studio Solution File, Format Version 12.00
# Visual Studio Version 16
VisualStudioVersion = 16.0.810.9
MinimumVisualStudioVersion = 10.0.40219.1
Project("{FAE04EC0-301F-11D3-BF4B-00C04F79EFBC}") = "HW2-FizzBuzz", "HW2-FizzBuzz\HW2-FizzBuzz.csproj", "{00711BA0-275C-40F2-81BE-75B5D4DFD6D4}"
EndProject
Global
	GlobalSection(SolutionConfigurationPlatforms) = preSolution
		Debug|Any CPU = Debug|Any CPU
		Release|Any CPU = Release|Any CPU
	EndGlobalSection
	GlobalSection(ProjectConfigurationPlatforms) = postSolution
		{00711BA0-275C-40F2-81BE-75B5D4DFD6D4}.Debug|Any CPU.ActiveCfg = Debug|Any CPU
		{00711BA0-275C-40F2-81BE-75B5D4DFD6D4}.Debug|Any CPU.Build.0 = Debug|Any CPU
		{00711BA0-275C-40F2-81BE-75B5D4DFD6D4}.Release|Any CPU.ActiveCfg = Release|Any CPU
		{00711BA0-275C-40F2-81BE-75B5D4DFD6D4}.Release|Any CPU.Build.0 = Release|Any CPU
	EndGlobalSection
	GlobalSection(SolutionProperties) = preSolution
		HideSolutionNode = FALSE
	EndGlobalSection
	GlobalSection(ExtensibilityGlobals) = postSolution
		SolutionGuid = {55C3FEFE-A89F-44F6-ABB0-DEE1A220C4EE}
	EndGlobalSection
EndGlobal
