
Microsoft Visual Studio Solution File, Format Version 12.00
# Visual Studio Version 16
VisualStudioVersion = 16.0.810.9
MinimumVisualStudioVersion = 10.0.40219.1
Project("{FAE04EC0-301F-11D3-BF4B-00C04F79EFBC}") = "HW2-Shipping", "HW2-Shipping\HW2-Shipping.csproj", "{435EFA7C-6774-43BD-8D25-295AC0D81FCC}"
EndProject
Global
	GlobalSection(SolutionConfigurationPlatforms) = preSolution
		Debug|Any CPU = Debug|Any CPU
		Release|Any CPU = Release|Any CPU
	EndGlobalSection
	GlobalSection(ProjectConfigurationPlatforms) = postSolution
		{435EFA7C-6774-43BD-8D25-295AC0D81FCC}.Debug|Any CPU.ActiveCfg = Debug|Any CPU
		{435EFA7C-6774-43BD-8D25-295AC0D81FCC}.Debug|Any CPU.Build.0 = Debug|Any CPU
		{435EFA7C-6774-43BD-8D25-295AC0D81FCC}.Release|Any CPU.ActiveCfg = Release|Any CPU
		{435EFA7C-6774-43BD-8D25-295AC0D81FCC}.Release|Any CPU.Build.0 = Release|Any CPU
	EndGlobalSection
	GlobalSection(SolutionProperties) = preSolution
		HideSolutionNode = FALSE
	EndGlobalSection
	GlobalSection(ExtensibilityGlobals) = postSolution
		SolutionGuid = {2C2A3351-A750-4D9F-81E5-FD327AE8F38A}
	EndGlobalSection
EndGlobal
