
Microsoft Visual Studio Solution File, Format Version 12.00
# Visual Studio Version 16
VisualStudioVersion = 16.0.810.9
MinimumVisualStudioVersion = 10.0.40219.1
Project("{FAE04EC0-301F-11D3-BF4B-00C04F79EFBC}") = "Part4.2Do-WhileLoops", "Part4.2Do-WhileLoops\Part4.2Do-WhileLoops.csproj", "{ADA2FCC3-8AEE-41C4-A827-C3241A9FD158}"
EndProject
Global
	GlobalSection(SolutionConfigurationPlatforms) = preSolution
		Debug|Any CPU = Debug|Any CPU
		Release|Any CPU = Release|Any CPU
	EndGlobalSection
	GlobalSection(ProjectConfigurationPlatforms) = postSolution
		{ADA2FCC3-8AEE-41C4-A827-C3241A9FD158}.Debug|Any CPU.ActiveCfg = Debug|Any CPU
		{ADA2FCC3-8AEE-41C4-A827-C3241A9FD158}.Debug|Any CPU.Build.0 = Debug|Any CPU
		{ADA2FCC3-8AEE-41C4-A827-C3241A9FD158}.Release|Any CPU.ActiveCfg = Release|Any CPU
		{ADA2FCC3-8AEE-41C4-A827-C3241A9FD158}.Release|Any CPU.Build.0 = Release|Any CPU
	EndGlobalSection
	GlobalSection(SolutionProperties) = preSolution
		HideSolutionNode = FALSE
	EndGlobalSection
	GlobalSection(ExtensibilityGlobals) = postSolution
		SolutionGuid = {11FD63AF-B250-4235-AEE1-CE7DBEE96E7D}
	EndGlobalSection
EndGlobal
